
Microsoft Visual Studio Solution File, Format Version 12.00
# Visual Studio Version 17
VisualStudioVersion = 17.5.002.0
MinimumVisualStudioVersion = 10.0.40219.1
Project("{2150E333-8FDC-42A3-9474-1A3956D46DE8}") = "Back", "Back", "{90EECADC-7F9F-4F77-A053-085EAEA58059}"
EndProject
Project("{2150E333-8FDC-42A3-9474-1A3956D46DE8}") = "src", "src", "{E5B96835-BFEC-43D7-BDCB-564682B518E7}"
EndProject
Project("{9A19103F-16F7-4668-BE54-9A1E7A4F7556}") = "ProEventos.API", "Back\src\ProEventos.API\ProEventos.API.csproj", "{2474B26D-8075-40E6-ACA8-5FFAA55BA896}"
EndProject
Global
	GlobalSection(SolutionConfigurationPlatforms) = preSolution
		Debug|Any CPU = Debug|Any CPU
		Release|Any CPU = Release|Any CPU
	EndGlobalSection
	GlobalSection(ProjectConfigurationPlatforms) = postSolution
		{2474B26D-8075-40E6-ACA8-5FFAA55BA896}.Debug|Any CPU.ActiveCfg = Debug|Any CPU
		{2474B26D-8075-40E6-ACA8-5FFAA55BA896}.Debug|Any CPU.Build.0 = Debug|Any CPU
		{2474B26D-8075-40E6-ACA8-5FFAA55BA896}.Release|Any CPU.ActiveCfg = Release|Any CPU
		{2474B26D-8075-40E6-ACA8-5FFAA55BA896}.Release|Any CPU.Build.0 = Release|Any CPU
	EndGlobalSection
	GlobalSection(SolutionProperties) = preSolution
		HideSolutionNode = FALSE
	EndGlobalSection
	GlobalSection(NestedProjects) = preSolution
		{E5B96835-BFEC-43D7-BDCB-564682B518E7} = {90EECADC-7F9F-4F77-A053-085EAEA58059}
		{2474B26D-8075-40E6-ACA8-5FFAA55BA896} = {E5B96835-BFEC-43D7-BDCB-564682B518E7}
	EndGlobalSection
	GlobalSection(ExtensibilityGlobals) = postSolution
		SolutionGuid = {7E87488C-99FC-4DD3-9E18-57F743F52EF9}
	EndGlobalSection
EndGlobal
